# THIS IS AN AUTOGENERATED FILE. DO NOT EDIT THIS FILE DIRECTLY.
# yarn lockfile v1


node-fetch@^2.6.0:
  version "2.6.0"
  resolved "https://registry.yarnpkg.com/node-fetch/-/node-fetch-2.6.0.tgz#e633456386d4aa55863f676a7ab0daa8fdecb0fd"
  integrity sha512-8dG4H5ujfvFiqDmVu9fQ5bOHUC15JMjMY/Zumv26oOvvVJjM67KF8koCWIabKQ1GJIa9r2mMZscBq/TbdOcmNA==

oib2b-gateway-auth@^1.0.1:
  version "1.0.1"
  resolved "https://registry.yarnpkg.com/oib2b-gateway-auth/-/oib2b-gateway-auth-1.0.1.tgz#cac0e160be51c49f7fab05d52d9eec00bb399794"
  integrity sha512-d3CF3iDb41LeD5nEeNo3DjUys8Rj0Mc8RVI6d4ZTMHatLvSYWiOXH+fbTueDcE6dWSz/llHVU5T7YtOzQHtwpQ==
  dependencies:
    node-fetch "^2.6.0"
